<?xml version="1.0" encoding="utf-8"?>
<Project ToolsVersion="4.0" xmlns="http://schemas.microsoft.com/developer/msbuild/2003">
  <ItemGroup>
    <Filter Include="源文件">
      <UniqueIdentifier>{4FC737F1-C7A5-4376-A066-2A32D752A2FF}</UniqueIdentifier>
      <Extensions>cpp;c;cxx;def;odl;idl;hpj;bat;asm;asmx</Extensions>
    </Filter>
    <Filter Include="头文件">
      <UniqueIdentifier>{93995380-89BD-4b04-88EB-625FBE52EBFB}</UniqueIdentifier>
      <Extensions>h;hpp;hxx;hm;inl;inc;xsd</Extensions>
    </Filter>
    <Filter Include="资源文件">
      <UniqueIdentifier>{67DA6AB6-F800-4c08-8B7A-83BB121AAD01}</UniqueIdentifier>
      <Extensions>rc;ico;cur;bmp;dlg;rc2;rct;bin;rgs;gif;jpg;jpeg;jpe;resx</Extensions>
    </Filter>
  </ItemGroup>
  <ItemGroup>
    <ClCompile Include="src\Camera.cpp">
      <Filter>源文件</Filter>
    </ClCompile>
    <ClCompile Include="src\GLWindow.cpp">
      <Filter>源文件</Filter>
    </ClCompile>
    <ClCompile Include="src\stdafx.cpp">
      <Filter>源文件</Filter>
    </ClCompile>
    <ClCompile Include="src\Vector.cpp">
      <Filter>源文件</Filter>
    </ClCompile>
    <ClCompile Include="..\libs\glm\detail\glm.cpp">
      <Filter>源文件</Filter>
    </ClCompile>
    <ClCompile Include="..\offlineMap1019\jsoncpp.cpp">
      <Filter>源文件</Filter>
    </ClCompile>
    <ClCompile Include="..\offlineMap1019\OpenGLEngine\glstateengine.cpp">
      <Filter>源文件</Filter>
    </ClCompile>
    <ClCompile Include="..\offlineMap1019\OpenGLEngine\openglcoordinatesengine.cpp">
      <Filter>源文件</Filter>
    </ClCompile>
    <ClCompile Include="..\offlineMap1019\OpenGLEngine\openglrenderengine.cpp">
      <Filter>源文件</Filter>
    </ClCompile>
    <ClCompile Include="..\offlineMap1019\TMap\CGeoLayer.cpp">
      <Filter>源文件</Filter>
    </ClCompile>
    <ClCompile Include="..\offlineMap1019\TMap\CPolygonTile.cpp">
      <Filter>源文件</Filter>
    </ClCompile>
    <ClCompile Include="..\offlineMap1019\TMap\crastertilelayer.cpp">
      <Filter>源文件</Filter>
    </ClCompile>
    <ClCompile Include="..\offlineMap1019\TMap\CTile.cpp">
      <Filter>源文件</Filter>
    </ClCompile>
    <ClCompile Include="..\offlineMap1019\TMap\CTileLayer.cpp">
      <Filter>源文件</Filter>
    </ClCompile>
    <ClCompile Include="..\offlineMap1019\TMap\CVectorTileLayer.cpp">
      <Filter>源文件</Filter>
    </ClCompile>
    <ClCompile Include="..\offlineMap1019\TMap\OMap.cpp">
      <Filter>源文件</Filter>
    </ClCompile>
    <ClCompile Include="..\offlineMap1019\TMDataBuffer\buffermanager.cpp">
      <Filter>源文件</Filter>
    </ClCompile>
    <ClCompile Include="..\offlineMap1019\TMDataBuffer\ccache.cpp">
      <Filter>源文件</Filter>
    </ClCompile>
    <ClCompile Include="..\offlineMap1019\TMDataBuffer\LRUCache.cpp">
      <Filter>源文件</Filter>
    </ClCompile>
    <ClCompile Include="..\offlineMap1019\TMDataBuffer\tmbuffer.cpp">
      <Filter>源文件</Filter>
    </ClCompile>
    <ClCompile Include="..\offlineMap1019\TMDataUnit\dataunit.cpp">
      <Filter>源文件</Filter>
    </ClCompile>
    <ClCompile Include="..\offlineMap1019\TMDataUnit\heights.cpp">
      <Filter>源文件</Filter>
    </ClCompile>
    <ClCompile Include="..\offlineMap1019\TMDataUnit\image.cpp">
      <Filter>源文件</Filter>
    </ClCompile>
    <ClCompile Include="..\offlineMap1019\TMDataUnit\index.cpp">
      <Filter>源文件</Filter>
    </ClCompile>
    <ClCompile Include="..\offlineMap1019\TMDataUnit\stop.cpp">
      <Filter>源文件</Filter>
    </ClCompile>
    <ClCompile Include="..\offlineMap1019\TMDataUnit\text.cpp">
      <Filter>源文件</Filter>
    </ClCompile>
    <ClCompile Include="..\offlineMap1019\TMDataUnit\vertices.cpp">
      <Filter>源文件</Filter>
    </ClCompile>
    <ClCompile Include="..\offlineMap1019\TMScheduler\ccamera.cpp">
      <Filter>源文件</Filter>
    </ClCompile>
    <ClCompile Include="..\offlineMap1019\TMScheduler\cperspective.cpp">
      <Filter>源文件</Filter>
    </ClCompile>
    <ClCompile Include="..\offlineMap1019\TMScheduler\cscheduler.cpp">
      <Filter>源文件</Filter>
    </ClCompile>
    <ClCompile Include="..\offlineMap1019\TMScheduler\OM3DScheduler.cpp">
      <Filter>源文件</Filter>
    </ClCompile>
    <ClCompile Include="..\offlineMap1019\TMScheduler\OMScheduler.cpp">
      <Filter>源文件</Filter>
    </ClCompile>
    <ClCompile Include="..\offlineMap1019\TMStyle\ccolor.cpp">
      <Filter>源文件</Filter>
    </ClCompile>
    <ClCompile Include="..\offlineMap1019\TMStyle\cfill.cpp">
      <Filter>源文件</Filter>
    </ClCompile>
    <ClCompile Include="..\offlineMap1019\TMStyle\cstroke.cpp">
      <Filter>源文件</Filter>
    </ClCompile>
    <ClCompile Include="..\offlineMap1019\TMStyle\cstyle.cpp">
      <Filter>源文件</Filter>
    </ClCompile>
    <ClCompile Include="..\offlineMap1019\TMStyle\csymbol.cpp">
      <Filter>源文件</Filter>
    </ClCompile>
    <ClCompile Include="..\offlineMap1019\TMStyle\ctext.cpp">
      <Filter>源文件</Filter>
    </ClCompile>
    <ClCompile Include="..\offlineMap1019\TMStyle\ctextfont.cpp">
      <Filter>源文件</Filter>
    </ClCompile>
    <ClCompile Include="..\offlineMap1019\TMTextRender\cchar.cpp">
      <Filter>源文件</Filter>
    </ClCompile>
    <ClCompile Include="..\offlineMap1019\TMTextRender\ccharbuffer.cpp">
      <Filter>源文件</Filter>
    </ClCompile>
    <ClCompile Include="..\offlineMap1019\TMTextRender\cfont.cpp">
      <Filter>源文件</Filter>
    </ClCompile>
    <ClCompile Include="..\offlineMap1019\TMTextRender\cfontmanager.cpp">
      <Filter>源文件</Filter>
    </ClCompile>
    <ClCompile Include="..\offlineMap1019\TMTextRender\cfontrender.cpp">
      <Filter>源文件</Filter>
    </ClCompile>
    <ClCompile Include="..\offlineMap1019\TMTextRender\cglobal.cpp">
      <Filter>源文件</Filter>
    </ClCompile>
    <ClCompile Include="..\offlineMap1019\TMTextRender\cpage.cpp">
      <Filter>源文件</Filter>
    </ClCompile>
    <ClCompile Include="..\offlineMap1019\TMUtil\cgeoutil.cpp">
      <Filter>源文件</Filter>
    </ClCompile>
    <ClCompile Include="..\offlineMap1019\TMUtil\cstringutil.cpp">
      <Filter>源文件</Filter>
    </ClCompile>
    <ClCompile Include="..\offlineMap1019\TMUtil\OMapGlobal.cpp">
      <Filter>源文件</Filter>
    </ClCompile>
    <ClCompile Include="..\offlineMap1019\TMUtil\OMGeoUtil.cpp">
      <Filter>源文件</Filter>
    </ClCompile>
    <ClCompile Include="..\offlineMap1019\mapDrv.cpp">
      <Filter>源文件</Filter>
    </ClCompile>
    <ClCompile Include="src\CameraRove.cpp">
      <Filter>源文件</Filter>
    </ClCompile>
    <ClCompile Include="src\GLFrame.cpp">
      <Filter>源文件</Filter>
    </ClCompile>
    <ClCompile Include="..\offlineMap1019\OpenGLEngine\InputCharsets1.cpp">
      <Filter>源文件</Filter>
    </ClCompile>
    <ClCompile Include="..\offlineMap1019\OpenGLEngine\InputVString1.cpp">
      <Filter>源文件</Filter>
    </ClCompile>
    <ClCompile Include="..\offlineMap1019\TMap\CPolygon.cpp">
      <Filter>源文件</Filter>
    </ClCompile>
    <ClCompile Include="..\offlineMap1019\TMap\JSONLayer.cpp">
      <Filter>源文件</Filter>
    </ClCompile>
  </ItemGroup>
  <ItemGroup>
    <ClInclude Include="include\Camera.h">
      <Filter>头文件</Filter>
    </ClInclude>
    <ClInclude Include="include\CameraRove.h">
      <Filter>头文件</Filter>
    </ClInclude>
    <ClInclude Include="include\GLFrame.h">
      <Filter>头文件</Filter>
    </ClInclude>
    <ClInclude Include="include\GLWindow.h">
      <Filter>头文件</Filter>
    </ClInclude>
    <ClInclude Include="include\stdafx.h">
      <Filter>头文件</Filter>
    </ClInclude>
    <ClInclude Include="include\Vector.h">
      <Filter>头文件</Filter>
    </ClInclude>
  </ItemGroup>
</Project>