<?xml version="1.0" encoding="utf-8"?>
<Project ToolsVersion="4.0" xmlns="http://schemas.microsoft.com/developer/msbuild/2003">
  <ItemGroup>
    <Filter Include="源文件">
      <UniqueIdentifier>{4FC737F1-C7A5-4376-A066-2A32D752A2FF}</UniqueIdentifier>
      <Extensions>cpp;c;cxx;def;odl;idl;hpj;bat;asm;asmx</Extensions>
    </Filter>
    <Filter Include="头文件">
      <UniqueIdentifier>{93995380-89BD-4b04-88EB-625FBE52EBFB}</UniqueIdentifier>
      <Extensions>h;hpp;hxx;hm;inl;inc;xsd</Extensions>
    </Filter>
    <Filter Include="资源文件">
      <UniqueIdentifier>{67DA6AB6-F800-4c08-8B7A-83BB121AAD01}</UniqueIdentifier>
      <Extensions>rc;ico;cur;bmp;dlg;rc2;rct;bin;rgs;gif;jpg;jpeg;jpe;resx</Extensions>
    </Filter>
  </ItemGroup>
  <ItemGroup>
    <ClInclude Include="include\Camera.h">
      <Filter>头文件</Filter>
    </ClInclude>
    <ClInclude Include="include\CameraRove.h">
      <Filter>头文件</Filter>
    </ClInclude>
    <ClInclude Include="include\GLFrame.h">
      <Filter>头文件</Filter>
    </ClInclude>
    <ClInclude Include="include\GLWindow.h">
      <Filter>头文件</Filter>
    </ClInclude>
    <ClInclude Include="include\stdafx.h">
      <Filter>头文件</Filter>
    </ClInclude>
    <ClInclude Include="include\Vector.h">
      <Filter>头文件</Filter>
    </ClInclude>
    <ClInclude Include="src\OpenGLEngine\copenglcoordinatesengine.h">
      <Filter>头文件</Filter>
    </ClInclude>
    <ClInclude Include="src\OpenGLEngine\glstateengine.h">
      <Filter>头文件</Filter>
    </ClInclude>
    <ClInclude Include="src\OpenGLEngine\InputVString1.h">
      <Filter>头文件</Filter>
    </ClInclude>
    <ClInclude Include="src\OpenGLEngine\openglengine.h">
      <Filter>头文件</Filter>
    </ClInclude>
    <ClInclude Include="src\OpenGLEngine\openglfileengine.h">
      <Filter>头文件</Filter>
    </ClInclude>
    <ClInclude Include="src\OpenGLEngine\openglrenderengine.h">
      <Filter>头文件</Filter>
    </ClInclude>
    <ClInclude Include="src\TMap\CGeoLayer.h">
      <Filter>头文件</Filter>
    </ClInclude>
    <ClInclude Include="src\TMap\CPolygon.h">
      <Filter>头文件</Filter>
    </ClInclude>
    <ClInclude Include="src\TMap\CPolygonTile.h">
      <Filter>头文件</Filter>
    </ClInclude>
    <ClInclude Include="src\TMap\crastertilelayer.h">
      <Filter>头文件</Filter>
    </ClInclude>
    <ClInclude Include="src\TMap\CTile.h">
      <Filter>头文件</Filter>
    </ClInclude>
    <ClInclude Include="src\TMap\CTileLayer.h">
      <Filter>头文件</Filter>
    </ClInclude>
    <ClInclude Include="src\TMap\CVectorTileLayer.h">
      <Filter>头文件</Filter>
    </ClInclude>
    <ClInclude Include="src\TMap\JSONLayer.h">
      <Filter>头文件</Filter>
    </ClInclude>
    <ClInclude Include="src\TMap\OMap.h">
      <Filter>头文件</Filter>
    </ClInclude>
    <ClInclude Include="src\TMDataBuffer\buffermanager.h">
      <Filter>头文件</Filter>
    </ClInclude>
    <ClInclude Include="src\TMDataBuffer\ccache.h">
      <Filter>头文件</Filter>
    </ClInclude>
    <ClInclude Include="src\TMDataBuffer\LRUCache.h">
      <Filter>头文件</Filter>
    </ClInclude>
    <ClInclude Include="src\TMDataBuffer\tmbuffer.h">
      <Filter>头文件</Filter>
    </ClInclude>
    <ClInclude Include="src\TMDataUnit\dataunit.h">
      <Filter>头文件</Filter>
    </ClInclude>
    <ClInclude Include="src\TMDataUnit\heights.h">
      <Filter>头文件</Filter>
    </ClInclude>
    <ClInclude Include="src\TMDataUnit\image.h">
      <Filter>头文件</Filter>
    </ClInclude>
    <ClInclude Include="src\TMDataUnit\index.h">
      <Filter>头文件</Filter>
    </ClInclude>
    <ClInclude Include="src\TMDataUnit\stop.h">
      <Filter>头文件</Filter>
    </ClInclude>
    <ClInclude Include="src\TMDataUnit\text.h">
      <Filter>头文件</Filter>
    </ClInclude>
    <ClInclude Include="src\TMDataUnit\tmdataunit.h">
      <Filter>头文件</Filter>
    </ClInclude>
    <ClInclude Include="src\TMDataUnit\vertices.h">
      <Filter>头文件</Filter>
    </ClInclude>
    <ClInclude Include="src\TMScheduler\ccamera.h">
      <Filter>头文件</Filter>
    </ClInclude>
    <ClInclude Include="src\TMScheduler\cperspective.h">
      <Filter>头文件</Filter>
    </ClInclude>
    <ClInclude Include="src\TMScheduler\cscheduler.h">
      <Filter>头文件</Filter>
    </ClInclude>
    <ClInclude Include="src\TMScheduler\OM3DScheduler.h">
      <Filter>头文件</Filter>
    </ClInclude>
    <ClInclude Include="src\TMStyle\ccolor.h">
      <Filter>头文件</Filter>
    </ClInclude>
    <ClInclude Include="src\TMStyle\cfill.h">
      <Filter>头文件</Filter>
    </ClInclude>
    <ClInclude Include="src\TMStyle\CStringUtil.h">
      <Filter>头文件</Filter>
    </ClInclude>
    <ClInclude Include="src\TMStyle\cstroke.h">
      <Filter>头文件</Filter>
    </ClInclude>
    <ClInclude Include="src\TMStyle\cstyle.h">
      <Filter>头文件</Filter>
    </ClInclude>
    <ClInclude Include="src\TMStyle\csymbol.h">
      <Filter>头文件</Filter>
    </ClInclude>
    <ClInclude Include="src\TMStyle\ctext.h">
      <Filter>头文件</Filter>
    </ClInclude>
    <ClInclude Include="src\TMStyle\ctextfont.h">
      <Filter>头文件</Filter>
    </ClInclude>
    <ClInclude Include="src\TMTextRender\cbuffer.h">
      <Filter>头文件</Filter>
    </ClInclude>
    <ClInclude Include="src\TMTextRender\cchar.h">
      <Filter>头文件</Filter>
    </ClInclude>
    <ClInclude Include="src\TMTextRender\ccharbuffer.h">
      <Filter>头文件</Filter>
    </ClInclude>
    <ClInclude Include="src\TMTextRender\cfont.h">
      <Filter>头文件</Filter>
    </ClInclude>
    <ClInclude Include="src\TMTextRender\cfontmanager.h">
      <Filter>头文件</Filter>
    </ClInclude>
    <ClInclude Include="src\TMTextRender\cfontrender.h">
      <Filter>头文件</Filter>
    </ClInclude>
    <ClInclude Include="src\TMTextRender\cpage.h">
      <Filter>头文件</Filter>
    </ClInclude>
    <ClInclude Include="src\TMTextRender\CStringUtil.h">
      <Filter>头文件</Filter>
    </ClInclude>
    <ClInclude Include="src\TMUtil\cgeoutil.h">
      <Filter>头文件</Filter>
    </ClInclude>
    <ClInclude Include="src\TMUtil\cstringutil.h">
      <Filter>头文件</Filter>
    </ClInclude>
    <ClInclude Include="src\TMUtil\OMapGlobal.h">
      <Filter>头文件</Filter>
    </ClInclude>
    <ClInclude Include="src\TMUtil\OMGeoUtil.h">
      <Filter>头文件</Filter>
    </ClInclude>
    <ClInclude Include="include\mapDrv.h">
      <Filter>头文件</Filter>
    </ClInclude>
    <ClInclude Include="include\airlineDraw.h">
      <Filter>头文件</Filter>
    </ClInclude>
    <ClInclude Include="include\airplaneDraw.h">
      <Filter>头文件</Filter>
    </ClInclude>
    <ClInclude Include="include\cJSON.h">
      <Filter>头文件</Filter>
    </ClInclude>
    <ClInclude Include="src\TMScheduler\OMScheduler.h">
      <Filter>头文件</Filter>
    </ClInclude>
    <ClInclude Include="oglx\src\mth\mth.h">
      <Filter>源文件</Filter>
    </ClInclude>
    <ClInclude Include="oglx\src\sgl\sgl_private.h">
      <Filter>源文件</Filter>
    </ClInclude>
    <ClInclude Include="oglx\src\sgl\sgl_shaders.h">
      <Filter>源文件</Filter>
    </ClInclude>
    <ClInclude Include="oglx\include\glf.h">
      <Filter>头文件</Filter>
    </ClInclude>
    <ClInclude Include="oglx\include\oglx.h">
      <Filter>头文件</Filter>
    </ClInclude>
    <ClInclude Include="oglx\include\oglx_port.h">
      <Filter>头文件</Filter>
    </ClInclude>
    <ClInclude Include="oglx\include\oglx_version.h">
      <Filter>头文件</Filter>
    </ClInclude>
    <ClInclude Include="oglx\include\sgl.h">
      <Filter>头文件</Filter>
    </ClInclude>
    <ClInclude Include="oglx\include\sglConstants.h">
      <Filter>头文件</Filter>
    </ClInclude>
    <ClInclude Include="oglx\include\sgl_context_types.h">
      <Filter>头文件</Filter>
    </ClInclude>
    <ClInclude Include="oglx\include\sgl_types.h">
      <Filter>头文件</Filter>
    </ClInclude>
    <ClInclude Include="kcg\aol_color_table.h">
      <Filter>头文件</Filter>
    </ClInclude>
    <ClInclude Include="kcg\aol_font_table.h">
      <Filter>头文件</Filter>
    </ClInclude>
    <ClInclude Include="kcg\aol_imported_functions.h">
      <Filter>头文件</Filter>
    </ClInclude>
    <ClInclude Include="kcg\aol_line_stipple_table.h">
      <Filter>头文件</Filter>
    </ClInclude>
    <ClInclude Include="kcg\aol_line_width_table.h">
      <Filter>头文件</Filter>
    </ClInclude>
    <ClInclude Include="kcg\aol_symbology_layer.h">
      <Filter>头文件</Filter>
    </ClInclude>
    <ClInclude Include="kcg\aol_texture_table.h">
      <Filter>头文件</Filter>
    </ClInclude>
    <ClInclude Include="kcg\kcg_assign.h">
      <Filter>头文件</Filter>
    </ClInclude>
    <ClInclude Include="kcg\target_configuration.h">
      <Filter>头文件</Filter>
    </ClInclude>
    <ClInclude Include="include\specific.h">
      <Filter>头文件</Filter>
    </ClInclude>
    <ClInclude Include="integrated\animation.h">
      <Filter>头文件</Filter>
    </ClInclude>
    <ClInclude Include="integrated\oglxReadErrors.h">
      <Filter>头文件</Filter>
    </ClInclude>
    <ClInclude Include="integrated\specific.h">
      <Filter>头文件</Filter>
    </ClInclude>
    <ClInclude Include="src\TMUtil\tmtools.h">
      <Filter>头文件</Filter>
    </ClInclude>
  </ItemGroup>
  <ItemGroup>
    <ClCompile Include="src\Camera.cpp">
      <Filter>源文件</Filter>
    </ClCompile>
    <ClCompile Include="src\CameraRove.cpp">
      <Filter>源文件</Filter>
    </ClCompile>
    <ClCompile Include="src\GLFrame.cpp">
      <Filter>源文件</Filter>
    </ClCompile>
    <ClCompile Include="src\GLWindow.cpp">
      <Filter>源文件</Filter>
    </ClCompile>
    <ClCompile Include="src\stdafx.cpp">
      <Filter>源文件</Filter>
    </ClCompile>
    <ClCompile Include="src\Vector.cpp">
      <Filter>源文件</Filter>
    </ClCompile>
    <ClCompile Include="src\OpenGLEngine\glstateengine.cpp">
      <Filter>源文件</Filter>
    </ClCompile>
    <ClCompile Include="src\OpenGLEngine\InputVString1.cpp">
      <Filter>源文件</Filter>
    </ClCompile>
    <ClCompile Include="src\OpenGLEngine\openglcoordinatesengine.cpp">
      <Filter>源文件</Filter>
    </ClCompile>
    <ClCompile Include="src\OpenGLEngine\openglfileengine.cpp">
      <Filter>源文件</Filter>
    </ClCompile>
    <ClCompile Include="src\TMap\CGeoLayer.cpp">
      <Filter>源文件</Filter>
    </ClCompile>
    <ClCompile Include="src\TMap\CPolygon.cpp">
      <Filter>源文件</Filter>
    </ClCompile>
    <ClCompile Include="src\TMap\CPolygonTile.cpp">
      <Filter>源文件</Filter>
    </ClCompile>
    <ClCompile Include="src\TMap\crastertilelayer.cpp">
      <Filter>源文件</Filter>
    </ClCompile>
    <ClCompile Include="src\TMap\CTile.cpp">
      <Filter>源文件</Filter>
    </ClCompile>
    <ClCompile Include="src\TMap\CTileLayer.cpp">
      <Filter>源文件</Filter>
    </ClCompile>
    <ClCompile Include="src\TMap\CVectorTileLayer.cpp">
      <Filter>源文件</Filter>
    </ClCompile>
    <ClCompile Include="src\TMap\JSONLayer.cpp">
      <Filter>源文件</Filter>
    </ClCompile>
    <ClCompile Include="src\TMap\OMap.cpp">
      <Filter>源文件</Filter>
    </ClCompile>
    <ClCompile Include="src\TMDataBuffer\buffermanager.cpp">
      <Filter>源文件</Filter>
    </ClCompile>
    <ClCompile Include="src\TMDataBuffer\ccache.cpp">
      <Filter>源文件</Filter>
    </ClCompile>
    <ClCompile Include="src\TMDataBuffer\LRUCache.cpp">
      <Filter>源文件</Filter>
    </ClCompile>
    <ClCompile Include="src\TMDataBuffer\tmbuffer.cpp">
      <Filter>源文件</Filter>
    </ClCompile>
    <ClCompile Include="src\TMDataUnit\dataunit.cpp">
      <Filter>源文件</Filter>
    </ClCompile>
    <ClCompile Include="src\TMDataUnit\heights.cpp">
      <Filter>源文件</Filter>
    </ClCompile>
    <ClCompile Include="src\TMDataUnit\image.cpp">
      <Filter>源文件</Filter>
    </ClCompile>
    <ClCompile Include="src\TMDataUnit\index.cpp">
      <Filter>源文件</Filter>
    </ClCompile>
    <ClCompile Include="src\TMDataUnit\stop.cpp">
      <Filter>源文件</Filter>
    </ClCompile>
    <ClCompile Include="src\TMDataUnit\text.cpp">
      <Filter>源文件</Filter>
    </ClCompile>
    <ClCompile Include="src\TMDataUnit\vertices.cpp">
      <Filter>源文件</Filter>
    </ClCompile>
    <ClCompile Include="src\TMScheduler\ccamera.cpp">
      <Filter>源文件</Filter>
    </ClCompile>
    <ClCompile Include="src\TMScheduler\cperspective.cpp">
      <Filter>源文件</Filter>
    </ClCompile>
    <ClCompile Include="src\TMScheduler\cscheduler.cpp">
      <Filter>源文件</Filter>
    </ClCompile>
    <ClCompile Include="src\TMScheduler\OM3DScheduler.cpp">
      <Filter>源文件</Filter>
    </ClCompile>
    <ClCompile Include="src\TMScheduler\OMScheduler.cpp">
      <Filter>源文件</Filter>
    </ClCompile>
    <ClCompile Include="src\TMStyle\ccolor.cpp">
      <Filter>源文件</Filter>
    </ClCompile>
    <ClCompile Include="src\TMStyle\cfill.cpp">
      <Filter>源文件</Filter>
    </ClCompile>
    <ClCompile Include="src\TMStyle\CStringUtil.cpp">
      <Filter>源文件</Filter>
    </ClCompile>
    <ClCompile Include="src\TMStyle\cstroke.cpp">
      <Filter>源文件</Filter>
    </ClCompile>
    <ClCompile Include="src\TMStyle\cstyle.cpp">
      <Filter>源文件</Filter>
    </ClCompile>
    <ClCompile Include="src\TMStyle\csymbol.cpp">
      <Filter>源文件</Filter>
    </ClCompile>
    <ClCompile Include="src\TMStyle\ctext.cpp">
      <Filter>源文件</Filter>
    </ClCompile>
    <ClCompile Include="src\TMStyle\ctextfont.cpp">
      <Filter>源文件</Filter>
    </ClCompile>
    <ClCompile Include="src\TMTextRender\cchar.cpp">
      <Filter>源文件</Filter>
    </ClCompile>
    <ClCompile Include="src\TMTextRender\ccharbuffer.cpp">
      <Filter>源文件</Filter>
    </ClCompile>
    <ClCompile Include="src\TMTextRender\cfont.cpp">
      <Filter>源文件</Filter>
    </ClCompile>
    <ClCompile Include="src\TMTextRender\cfontmanager.cpp">
      <Filter>源文件</Filter>
    </ClCompile>
    <ClCompile Include="src\TMTextRender\cfontrender.cpp">
      <Filter>源文件</Filter>
    </ClCompile>
    <ClCompile Include="src\TMTextRender\cpage.cpp">
      <Filter>源文件</Filter>
    </ClCompile>
    <ClCompile Include="src\TMTextRender\CStringUtil.cpp">
      <Filter>源文件</Filter>
    </ClCompile>
    <ClCompile Include="src\TMUtil\cgeoutil.cpp">
      <Filter>源文件</Filter>
    </ClCompile>
    <ClCompile Include="src\TMUtil\cstringutil.cpp">
      <Filter>源文件</Filter>
    </ClCompile>
    <ClCompile Include="src\TMUtil\OMapGlobal.cpp">
      <Filter>源文件</Filter>
    </ClCompile>
    <ClCompile Include="src\TMUtil\OMGeoUtil.cpp">
      <Filter>源文件</Filter>
    </ClCompile>
    <ClCompile Include="src\jsoncpp.cpp">
      <Filter>源文件</Filter>
    </ClCompile>
    <ClCompile Include="src\mapDrv.cpp">
      <Filter>源文件</Filter>
    </ClCompile>
    <ClCompile Include="src\airlineDraw.cpp">
      <Filter>源文件</Filter>
    </ClCompile>
    <ClCompile Include="src\airplaneDraw.cpp">
      <Filter>源文件</Filter>
    </ClCompile>
    <ClCompile Include="src\OpenGLEngine\openglrenderengine.cpp">
      <Filter>源文件</Filter>
    </ClCompile>
    <ClCompile Include="src\cJSON.c">
      <Filter>源文件</Filter>
    </ClCompile>
    <ClCompile Include="oglx\src\mth\mth_acos_degree.c">
      <Filter>源文件</Filter>
    </ClCompile>
    <ClCompile Include="oglx\src\mth\mth_asin_radian.c">
      <Filter>源文件</Filter>
    </ClCompile>
    <ClCompile Include="oglx\src\mth\mth_atan_degree.c">
      <Filter>源文件</Filter>
    </ClCompile>
    <ClCompile Include="oglx\src\mth\mth_cos_degree.c">
      <Filter>源文件</Filter>
    </ClCompile>
    <ClCompile Include="oglx\src\mth\mth_cos_sin_degree.c">
      <Filter>源文件</Filter>
    </ClCompile>
    <ClCompile Include="oglx\src\mth\mth_functions.c">
      <Filter>源文件</Filter>
    </ClCompile>
    <ClCompile Include="oglx\src\mth\mth_next_higher_power2.c">
      <Filter>源文件</Filter>
    </ClCompile>
    <ClCompile Include="oglx\src\mth\mth_sin_degree.c">
      <Filter>源文件</Filter>
    </ClCompile>
    <ClCompile Include="oglx\src\mth\mth_sqrtf.c">
      <Filter>源文件</Filter>
    </ClCompile>
    <ClCompile Include="oglx\src\sgl\appearance\oglxBindTexture.c">
      <Filter>源文件</Filter>
    </ClCompile>
    <ClCompile Include="oglx\src\sgl\appearance\oglxColor4f.c">
      <Filter>源文件</Filter>
    </ClCompile>
    <ClCompile Include="oglx\src\sgl\appearance\oglxColor4fv.c">
      <Filter>源文件</Filter>
    </ClCompile>
    <ClCompile Include="oglx\src\sgl\appearance\oglxSelectFont.c">
      <Filter>源文件</Filter>
    </ClCompile>
    <ClCompile Include="oglx\src\sgl\appearance\sglBindTexture.c">
      <Filter>源文件</Filter>
    </ClCompile>
    <ClCompile Include="oglx\src\sgl\appearance\sglFormatTexture.c">
      <Filter>源文件</Filter>
    </ClCompile>
    <ClCompile Include="oglx\src\sgl\appearance\sglIndexColori.c">
      <Filter>源文件</Filter>
    </ClCompile>
    <ClCompile Include="oglx\src\sgl\appearance\sglIndexFonti.c">
      <Filter>源文件</Filter>
    </ClCompile>
    <ClCompile Include="oglx\src\sgl\appearance\sglIndexFontLineWidthi.c">
      <Filter>源文件</Filter>
    </ClCompile>
    <ClCompile Include="oglx\src\sgl\appearance\sglIndexHaloColori.c">
      <Filter>源文件</Filter>
    </ClCompile>
    <ClCompile Include="oglx\src\sgl\appearance\sglIndexLineStipplei.c">
      <Filter>源文件</Filter>
    </ClCompile>
    <ClCompile Include="oglx\src\sgl\appearance\sglIndexLineWidthi.c">
      <Filter>源文件</Filter>
    </ClCompile>
    <ClCompile Include="oglx\src\sgl\appearance\sglSetLineCaps.c">
      <Filter>源文件</Filter>
    </ClCompile>
    <ClCompile Include="oglx\src\sgl\appearance\sglSetTextAlignment.c">
      <Filter>源文件</Filter>
    </ClCompile>
    <ClCompile Include="oglx\src\sgl\appearance\sglTransparency8.c">
      <Filter>源文件</Filter>
    </ClCompile>
    <ClCompile Include="oglx\src\sgl\clipping\sglAllocateMaskID.c">
      <Filter>源文件</Filter>
    </ClCompile>
    <ClCompile Include="oglx\src\sgl\clipping\sglBeginScissor.c">
      <Filter>源文件</Filter>
    </ClCompile>
    <ClCompile Include="oglx\src\sgl\clipping\sglClipBox.c">
      <Filter>源文件</Filter>
    </ClCompile>
    <ClCompile Include="oglx\src\sgl\clipping\sglClipPlane.c">
      <Filter>源文件</Filter>
    </ClCompile>
    <ClCompile Include="oglx\src\sgl\clipping\sglContinueStencil.c">
      <Filter>源文件</Filter>
    </ClCompile>
    <ClCompile Include="oglx\src\sgl\clipping\sglEndScissor.c">
      <Filter>源文件</Filter>
    </ClCompile>
    <ClCompile Include="oglx\src\sgl\clipping\sglFreeMaskID.c">
      <Filter>源文件</Filter>
    </ClCompile>
    <ClCompile Include="oglx\src\sgl\clipping\sglGetActiveMasks.c">
      <Filter>源文件</Filter>
    </ClCompile>
    <ClCompile Include="oglx\src\sgl\clipping\sglPointIsInsideScissors.c">
      <Filter>源文件</Filter>
    </ClCompile>
    <ClCompile Include="oglx\src\sgl\clipping\sglRectangleIntersectsScissors.c">
      <Filter>源文件</Filter>
    </ClCompile>
    <ClCompile Include="oglx\src\sgl\clipping\sglSetActiveMasks.c">
      <Filter>源文件</Filter>
    </ClCompile>
    <ClCompile Include="oglx\src\sgl\clipping\sgl_stencil_buffer.c">
      <Filter>源文件</Filter>
    </ClCompile>
    <ClCompile Include="oglx\src\sgl\errors\oglxSetError.c">
      <Filter>源文件</Filter>
    </ClCompile>
    <ClCompile Include="oglx\src\sgl\errors\sglClearErrors.c">
      <Filter>源文件</Filter>
    </ClCompile>
    <ClCompile Include="oglx\src\sgl\errors\sglGetErrors.c">
      <Filter>源文件</Filter>
    </ClCompile>
    <ClCompile Include="oglx\src\sgl\initialization\oglx_default_fonts.c">
      <Filter>源文件</Filter>
    </ClCompile>
    <ClCompile Include="oglx\src\sgl\initialization\sglColorPointerf.c">
      <Filter>源文件</Filter>
    </ClCompile>
    <ClCompile Include="oglx\src\sgl\initialization\sglCompressedTexImage2D.c">
      <Filter>源文件</Filter>
    </ClCompile>
    <ClCompile Include="oglx\src\sgl\initialization\sglGetCurrentContext.c">
      <Filter>源文件</Filter>
    </ClCompile>
    <ClCompile Include="oglx\src\sgl\initialization\sglGetVersion.c">
      <Filter>源文件</Filter>
    </ClCompile>
    <ClCompile Include="oglx\src\sgl\initialization\sglInit.c">
      <Filter>源文件</Filter>
    </ClCompile>
    <ClCompile Include="oglx\src\sgl\initialization\sglLineStipplePointer.c">
      <Filter>源文件</Filter>
    </ClCompile>
    <ClCompile Include="oglx\src\sgl\initialization\sglLineWidthPointerf.c">
      <Filter>源文件</Filter>
    </ClCompile>
    <ClCompile Include="oglx\src\sgl\initialization\sglReset.c">
      <Filter>源文件</Filter>
    </ClCompile>
    <ClCompile Include="oglx\src\sgl\initialization\sglResetOpenGLSettings.c">
      <Filter>源文件</Filter>
    </ClCompile>
    <ClCompile Include="oglx\src\sgl\initialization\sglSetCurrentContext.c">
      <Filter>源文件</Filter>
    </ClCompile>
    <ClCompile Include="oglx\src\sgl\initialization\sglSetRenderMode.c">
      <Filter>源文件</Filter>
    </ClCompile>
    <ClCompile Include="oglx\src\sgl\initialization\sglSetTextureInternalFormat.c">
      <Filter>源文件</Filter>
    </ClCompile>
    <ClCompile Include="oglx\src\sgl\initialization\sglTerminate.c">
      <Filter>源文件</Filter>
    </ClCompile>
    <ClCompile Include="oglx\src\sgl\initialization\sglTexImage2Dubv.c">
      <Filter>源文件</Filter>
    </ClCompile>
    <ClCompile Include="oglx\src\sgl\initialization\sgluLoadFonts.c">
      <Filter>源文件</Filter>
    </ClCompile>
    <ClCompile Include="oglx\src\sgl\interactivity\sglCircleActiveAreaGetAngle.c">
      <Filter>源文件</Filter>
    </ClCompile>
    <ClCompile Include="oglx\src\sgl\interactivity\sglCircleActiveAreaGetRate.c">
      <Filter>源文件</Filter>
    </ClCompile>
    <ClCompile Include="oglx\src\sgl\interactivity\sglCircleActiveAreaGetStatus.c">
      <Filter>源文件</Filter>
    </ClCompile>
    <ClCompile Include="oglx\src\sgl\interactivity\sglRectangleActiveAreaGetHeightRate.c">
      <Filter>源文件</Filter>
    </ClCompile>
    <ClCompile Include="oglx\src\sgl\interactivity\sglRectangleActiveAreaGetStatus.c">
      <Filter>源文件</Filter>
    </ClCompile>
    <ClCompile Include="oglx\src\sgl\interactivity\sglRectangleActiveAreaGetWidthRate.c">
      <Filter>源文件</Filter>
    </ClCompile>
    <ClCompile Include="oglx\src\sgl\interactivity\sglShapeActiveAreaGetStatus.c">
      <Filter>源文件</Filter>
    </ClCompile>
    <ClCompile Include="oglx\src\sgl\modes\oglxDisable.c">
      <Filter>源文件</Filter>
    </ClCompile>
    <ClCompile Include="oglx\src\sgl\modes\oglxEnable.c">
      <Filter>源文件</Filter>
    </ClCompile>
    <ClCompile Include="oglx\src\sgl\modes\sglDisable.c">
      <Filter>源文件</Filter>
    </ClCompile>
    <ClCompile Include="oglx\src\sgl\modes\sglEnable.c">
      <Filter>源文件</Filter>
    </ClCompile>
    <ClCompile Include="oglx\src\sgl\modes\sglRestoreStates.c">
      <Filter>源文件</Filter>
    </ClCompile>
    <ClCompile Include="oglx\src\sgl\primitives\oglxDrawTexVertexArray.c">
      <Filter>源文件</Filter>
    </ClCompile>
    <ClCompile Include="oglx\src\sgl\primitives\oglxDrawVertexArray.c">
      <Filter>源文件</Filter>
    </ClCompile>
    <ClCompile Include="oglx\src\sgl\primitives\sglBegin.c">
      <Filter>源文件</Filter>
    </ClCompile>
    <ClCompile Include="oglx\src\sgl\primitives\sglEnd.c">
      <Filter>源文件</Filter>
    </ClCompile>
    <ClCompile Include="oglx\src\sgl\primitives\sglGetArcSegmentBounds.c">
      <Filter>源文件</Filter>
    </ClCompile>
    <ClCompile Include="oglx\src\sgl\primitives\sglTexVertex4f.c">
      <Filter>源文件</Filter>
    </ClCompile>
    <ClCompile Include="oglx\src\sgl\primitives\sgluArcCircleLinePointsList2f.c">
      <Filter>源文件</Filter>
    </ClCompile>
    <ClCompile Include="oglx\src\sgl\primitives\sgluArcEllipse2f.c">
      <Filter>源文件</Filter>
    </ClCompile>
    <ClCompile Include="oglx\src\sgl\primitives\sgluArcSector2f.c">
      <Filter>源文件</Filter>
    </ClCompile>
    <ClCompile Include="oglx\src\sgl\primitives\sgluArcSegment.c">
      <Filter>源文件</Filter>
    </ClCompile>
    <ClCompile Include="oglx\src\sgl\primitives\sgluCrown2f.c">
      <Filter>源文件</Filter>
    </ClCompile>
    <ClCompile Include="oglx\src\sgl\primitives\sgluDrawBitmap.c">
      <Filter>源文件</Filter>
    </ClCompile>
    <ClCompile Include="oglx\src\sgl\primitives\sglVertex2f.c">
      <Filter>源文件</Filter>
    </ClCompile>
    <ClCompile Include="oglx\src\sgl\primitives\sgl_end.c">
      <Filter>源文件</Filter>
    </ClCompile>
    <ClCompile Include="oglx\src\sgl\primitives\sgl_line.c">
      <Filter>源文件</Filter>
    </ClCompile>
    <ClCompile Include="oglx\src\sgl\sgl_intern_data.c">
      <Filter>源文件</Filter>
    </ClCompile>
    <ClCompile Include="oglx\src\sgl\sgl_shaders.c">
      <Filter>源文件</Filter>
    </ClCompile>
    <ClCompile Include="oglx\src\sgl\sgl_utils.c">
      <Filter>源文件</Filter>
    </ClCompile>
    <ClCompile Include="oglx\src\sgl\static_sequences\sglBeginStaticSequence.c">
      <Filter>源文件</Filter>
    </ClCompile>
    <ClCompile Include="oglx\src\sgl\static_sequences\sglCallStaticSequence.c">
      <Filter>源文件</Filter>
    </ClCompile>
    <ClCompile Include="oglx\src\sgl\static_sequences\sglCreateStaticBitmap.c">
      <Filter>源文件</Filter>
    </ClCompile>
    <ClCompile Include="oglx\src\sgl\static_sequences\sglDrawStaticBitmap.c">
      <Filter>源文件</Filter>
    </ClCompile>
    <ClCompile Include="oglx\src\sgl\static_sequences\sglEndStaticSequence.c">
      <Filter>源文件</Filter>
    </ClCompile>
    <ClCompile Include="oglx\src\sgl\text\oglx_fonts_encoding.c">
      <Filter>源文件</Filter>
    </ClCompile>
    <ClCompile Include="oglx\src\sgl\text\sglGetFontValue.c">
      <Filter>源文件</Filter>
    </ClCompile>
    <ClCompile Include="oglx\src\sgl\text\sglGetRichTextBounds.c">
      <Filter>源文件</Filter>
    </ClCompile>
    <ClCompile Include="oglx\src\sgl\text\sglGetTextAreaBounds.c">
      <Filter>源文件</Filter>
    </ClCompile>
    <ClCompile Include="oglx\src\sgl\text\sglGetTextAreaUnicodeBounds.c">
      <Filter>源文件</Filter>
    </ClCompile>
    <ClCompile Include="oglx\src\sgl\text\sglGetTextMultilineBounds.c">
      <Filter>源文件</Filter>
    </ClCompile>
    <ClCompile Include="oglx\src\sgl\text\sglGetTextMultilineUnicodeBounds.c">
      <Filter>源文件</Filter>
    </ClCompile>
    <ClCompile Include="oglx\src\sgl\text\sglSetCharsetEncoding.c">
      <Filter>源文件</Filter>
    </ClCompile>
    <ClCompile Include="oglx\src\sgl\text\sglSetDefaultRichTextAttributes.c">
      <Filter>源文件</Filter>
    </ClCompile>
    <ClCompile Include="oglx\src\sgl\text\sglSetLinesSeparators.c">
      <Filter>源文件</Filter>
    </ClCompile>
    <ClCompile Include="oglx\src\sgl\text\sglSetSecondFontAttributes.c">
      <Filter>源文件</Filter>
    </ClCompile>
    <ClCompile Include="oglx\src\sgl\text\sglSetWordsSeparators.c">
      <Filter>源文件</Filter>
    </ClCompile>
    <ClCompile Include="oglx\src\sgl\text\sgluWriteFloat.c">
      <Filter>源文件</Filter>
    </ClCompile>
    <ClCompile Include="oglx\src\sgl\text\sgluWriteRichText.c">
      <Filter>源文件</Filter>
    </ClCompile>
    <ClCompile Include="oglx\src\sgl\text\sgluWriteText.c">
      <Filter>源文件</Filter>
    </ClCompile>
    <ClCompile Include="oglx\src\sgl\text\sgluWriteTextArea.c">
      <Filter>源文件</Filter>
    </ClCompile>
    <ClCompile Include="oglx\src\sgl\text\sgluWriteUnicodeText.c">
      <Filter>源文件</Filter>
    </ClCompile>
    <ClCompile Include="oglx\src\sgl\text\sgluWriteUnicodeTextArea.c">
      <Filter>源文件</Filter>
    </ClCompile>
    <ClCompile Include="oglx\src\sgl\text\sgluWriteWideText.c">
      <Filter>源文件</Filter>
    </ClCompile>
    <ClCompile Include="oglx\src\sgl\text\sgluWriteWideTextArea.c">
      <Filter>源文件</Filter>
    </ClCompile>
    <ClCompile Include="oglx\src\sgl\text\str_functions.c">
      <Filter>源文件</Filter>
    </ClCompile>
    <ClCompile Include="oglx\src\sgl\transformation\oglxLoadMatrixf.c">
      <Filter>源文件</Filter>
    </ClCompile>
    <ClCompile Include="oglx\src\sgl\transformation\oglxPopMatrix.c">
      <Filter>源文件</Filter>
    </ClCompile>
    <ClCompile Include="oglx\src\sgl\transformation\oglxPushMatrix.c">
      <Filter>源文件</Filter>
    </ClCompile>
    <ClCompile Include="oglx\src\sgl\transformation\sglConvertPixelToPoint.c">
      <Filter>源文件</Filter>
    </ClCompile>
    <ClCompile Include="oglx\src\sgl\transformation\sglConvertPointToPixel.c">
      <Filter>源文件</Filter>
    </ClCompile>
    <ClCompile Include="oglx\src\sgl\transformation\sglConvertPointToScreen.c">
      <Filter>源文件</Filter>
    </ClCompile>
    <ClCompile Include="oglx\src\sgl\transformation\sglConvertScreenToPoint.c">
      <Filter>源文件</Filter>
    </ClCompile>
    <ClCompile Include="oglx\src\sgl\transformation\sglLoadIdentity.c">
      <Filter>源文件</Filter>
    </ClCompile>
    <ClCompile Include="oglx\src\sgl\transformation\sglMatrixtf.c">
      <Filter>源文件</Filter>
    </ClCompile>
    <ClCompile Include="oglx\src\sgl\transformation\sglOrtho.c">
      <Filter>源文件</Filter>
    </ClCompile>
    <ClCompile Include="oglx\src\sgl\transformation\sglPopMatrix.c">
      <Filter>源文件</Filter>
    </ClCompile>
    <ClCompile Include="oglx\src\sgl\transformation\sglPopMatrixAndTranslate.c">
      <Filter>源文件</Filter>
    </ClCompile>
    <ClCompile Include="oglx\src\sgl\transformation\sglPushMatrix.c">
      <Filter>源文件</Filter>
    </ClCompile>
    <ClCompile Include="oglx\src\sgl\transformation\sglPushMatrixAndTranslate.c">
      <Filter>源文件</Filter>
    </ClCompile>
    <ClCompile Include="oglx\src\sgl\transformation\sglRotatef.c">
      <Filter>源文件</Filter>
    </ClCompile>
    <ClCompile Include="oglx\src\sgl\transformation\sglScalef.c">
      <Filter>源文件</Filter>
    </ClCompile>
    <ClCompile Include="oglx\src\sgl\transformation\sglTranslatef.c">
      <Filter>源文件</Filter>
    </ClCompile>
    <ClCompile Include="oglx\src\sgl\transformation\sglViewport.c">
      <Filter>源文件</Filter>
    </ClCompile>
    <ClCompile Include="kcg\aol_color_table.c">
      <Filter>源文件</Filter>
    </ClCompile>
    <ClCompile Include="kcg\aol_font_table.c">
      <Filter>源文件</Filter>
    </ClCompile>
    <ClCompile Include="kcg\aol_font_table1.c">
      <Filter>源文件</Filter>
    </ClCompile>
    <ClCompile Include="kcg\aol_font_table2.c">
      <Filter>源文件</Filter>
    </ClCompile>
    <ClCompile Include="kcg\aol_line_stipple_table.c">
      <Filter>源文件</Filter>
    </ClCompile>
    <ClCompile Include="kcg\aol_line_width_table.c">
      <Filter>源文件</Filter>
    </ClCompile>
    <ClCompile Include="kcg\aol_symbology_layer.c">
      <Filter>源文件</Filter>
    </ClCompile>
    <ClCompile Include="kcg\aol_texture_table.c">
      <Filter>源文件</Filter>
    </ClCompile>
    <ClCompile Include="kcg\target_configuration.c">
      <Filter>源文件</Filter>
    </ClCompile>
    <ClCompile Include="src\specific.c">
      <Filter>源文件</Filter>
    </ClCompile>
    <ClCompile Include="integrated\animation.c">
      <Filter>源文件</Filter>
    </ClCompile>
    <ClCompile Include="integrated\oglxReadErrors.c">
      <Filter>源文件</Filter>
    </ClCompile>
  </ItemGroup>
  <ItemGroup>
    <None Include="map.json">
      <Filter>资源文件</Filter>
    </None>
    <None Include="map_jx.json">
      <Filter>资源文件</Filter>
    </None>
  </ItemGroup>
</Project>