<?xml version="1.0" encoding="utf-8"?>
<Project ToolsVersion="4.0" xmlns="http://schemas.microsoft.com/developer/msbuild/2003">
  <ItemGroup>
    <Filter Include="源文件">
      <UniqueIdentifier>{4FC737F1-C7A5-4376-A066-2A32D752A2FF}</UniqueIdentifier>
      <Extensions>cpp;c;cxx;def;odl;idl;hpj;bat;asm;asmx</Extensions>
    </Filter>
    <Filter Include="头文件">
      <UniqueIdentifier>{93995380-89BD-4b04-88EB-625FBE52EBFB}</UniqueIdentifier>
      <Extensions>h;hpp;hxx;hm;inl;inc;xsd</Extensions>
    </Filter>
    <Filter Include="资源文件">
      <UniqueIdentifier>{67DA6AB6-F800-4c08-8B7A-83BB121AAD01}</UniqueIdentifier>
      <Extensions>rc;ico;cur;bmp;dlg;rc2;rct;bin;rgs;gif;jpg;jpeg;jpe;resx</Extensions>
    </Filter>
  </ItemGroup>
  <ItemGroup>
    <ClInclude Include="include\Camera.h">
      <Filter>头文件</Filter>
    </ClInclude>
    <ClInclude Include="include\CameraRove.h">
      <Filter>头文件</Filter>
    </ClInclude>
    <ClInclude Include="include\GLFrame.h">
      <Filter>头文件</Filter>
    </ClInclude>
    <ClInclude Include="include\GLWindow.h">
      <Filter>头文件</Filter>
    </ClInclude>
    <ClInclude Include="include\stdafx.h">
      <Filter>头文件</Filter>
    </ClInclude>
    <ClInclude Include="include\Vector.h">
      <Filter>头文件</Filter>
    </ClInclude>
    <ClInclude Include="src\OpenGLEngine\copenglcoordinatesengine.h">
      <Filter>头文件</Filter>
    </ClInclude>
    <ClInclude Include="src\OpenGLEngine\glstateengine.h">
      <Filter>头文件</Filter>
    </ClInclude>
    <ClInclude Include="src\OpenGLEngine\InputCharsets1.h">
      <Filter>头文件</Filter>
    </ClInclude>
    <ClInclude Include="src\OpenGLEngine\InputVString1.h">
      <Filter>头文件</Filter>
    </ClInclude>
    <ClInclude Include="src\OpenGLEngine\openglengine.h">
      <Filter>头文件</Filter>
    </ClInclude>
    <ClInclude Include="src\OpenGLEngine\openglfileengine.h">
      <Filter>头文件</Filter>
    </ClInclude>
    <ClInclude Include="src\OpenGLEngine\openglrenderengine.h">
      <Filter>头文件</Filter>
    </ClInclude>
    <ClInclude Include="src\TMap\CGeoLayer.h">
      <Filter>头文件</Filter>
    </ClInclude>
    <ClInclude Include="src\TMap\CPolygon.h">
      <Filter>头文件</Filter>
    </ClInclude>
    <ClInclude Include="src\TMap\CPolygonTile.h">
      <Filter>头文件</Filter>
    </ClInclude>
    <ClInclude Include="src\TMap\crastertilelayer.h">
      <Filter>头文件</Filter>
    </ClInclude>
    <ClInclude Include="src\TMap\CTile.h">
      <Filter>头文件</Filter>
    </ClInclude>
    <ClInclude Include="src\TMap\CTileLayer.h">
      <Filter>头文件</Filter>
    </ClInclude>
    <ClInclude Include="src\TMap\CVectorTileLayer.h">
      <Filter>头文件</Filter>
    </ClInclude>
    <ClInclude Include="src\TMap\JSONLayer.h">
      <Filter>头文件</Filter>
    </ClInclude>
    <ClInclude Include="src\TMap\OMap.h">
      <Filter>头文件</Filter>
    </ClInclude>
    <ClInclude Include="src\TMDataBuffer\buffermanager.h">
      <Filter>头文件</Filter>
    </ClInclude>
    <ClInclude Include="src\TMDataBuffer\ccache.h">
      <Filter>头文件</Filter>
    </ClInclude>
    <ClInclude Include="src\TMDataBuffer\LRUCache.h">
      <Filter>头文件</Filter>
    </ClInclude>
    <ClInclude Include="src\TMDataBuffer\tmbuffer.h">
      <Filter>头文件</Filter>
    </ClInclude>
    <ClInclude Include="src\TMDataUnit\dataunit.h">
      <Filter>头文件</Filter>
    </ClInclude>
    <ClInclude Include="src\TMDataUnit\heights.h">
      <Filter>头文件</Filter>
    </ClInclude>
    <ClInclude Include="src\TMDataUnit\image.h">
      <Filter>头文件</Filter>
    </ClInclude>
    <ClInclude Include="src\TMDataUnit\index.h">
      <Filter>头文件</Filter>
    </ClInclude>
    <ClInclude Include="src\TMDataUnit\stop.h">
      <Filter>头文件</Filter>
    </ClInclude>
    <ClInclude Include="src\TMDataUnit\text.h">
      <Filter>头文件</Filter>
    </ClInclude>
    <ClInclude Include="src\TMDataUnit\tmdataunit.h">
      <Filter>头文件</Filter>
    </ClInclude>
    <ClInclude Include="src\TMDataUnit\vertices.h">
      <Filter>头文件</Filter>
    </ClInclude>
    <ClInclude Include="src\TMScheduler\ccamera.h">
      <Filter>头文件</Filter>
    </ClInclude>
    <ClInclude Include="src\TMScheduler\cperspective.h">
      <Filter>头文件</Filter>
    </ClInclude>
    <ClInclude Include="src\TMScheduler\cscheduler.h">
      <Filter>头文件</Filter>
    </ClInclude>
    <ClInclude Include="src\TMScheduler\OM3DScheduler.h">
      <Filter>头文件</Filter>
    </ClInclude>
    <ClInclude Include="src\TMScheduler\OMScheduler.h">
      <Filter>头文件</Filter>
    </ClInclude>
    <ClInclude Include="src\TMStyle\ccolor.h">
      <Filter>头文件</Filter>
    </ClInclude>
    <ClInclude Include="src\TMStyle\cfill.h">
      <Filter>头文件</Filter>
    </ClInclude>
    <ClInclude Include="src\TMStyle\CStringUtil.h">
      <Filter>头文件</Filter>
    </ClInclude>
    <ClInclude Include="src\TMStyle\cstroke.h">
      <Filter>头文件</Filter>
    </ClInclude>
    <ClInclude Include="src\TMStyle\cstyle.h">
      <Filter>头文件</Filter>
    </ClInclude>
    <ClInclude Include="src\TMStyle\csymbol.h">
      <Filter>头文件</Filter>
    </ClInclude>
    <ClInclude Include="src\TMStyle\ctext.h">
      <Filter>头文件</Filter>
    </ClInclude>
    <ClInclude Include="src\TMStyle\ctextfont.h">
      <Filter>头文件</Filter>
    </ClInclude>
    <ClInclude Include="src\TMTextRender\cbuffer.h">
      <Filter>头文件</Filter>
    </ClInclude>
    <ClInclude Include="src\TMTextRender\cchar.h">
      <Filter>头文件</Filter>
    </ClInclude>
    <ClInclude Include="src\TMTextRender\ccharbuffer.h">
      <Filter>头文件</Filter>
    </ClInclude>
    <ClInclude Include="src\TMTextRender\cfont.h">
      <Filter>头文件</Filter>
    </ClInclude>
    <ClInclude Include="src\TMTextRender\cfontmanager.h">
      <Filter>头文件</Filter>
    </ClInclude>
    <ClInclude Include="src\TMTextRender\cfontrender.h">
      <Filter>头文件</Filter>
    </ClInclude>
    <ClInclude Include="src\TMTextRender\cglobal.h">
      <Filter>头文件</Filter>
    </ClInclude>
    <ClInclude Include="src\TMTextRender\cpage.h">
      <Filter>头文件</Filter>
    </ClInclude>
    <ClInclude Include="src\TMTextRender\CStringUtil.h">
      <Filter>头文件</Filter>
    </ClInclude>
    <ClInclude Include="src\TMTextRender\tmtools.h">
      <Filter>头文件</Filter>
    </ClInclude>
    <ClInclude Include="src\TMUtil\cgeoutil.h">
      <Filter>头文件</Filter>
    </ClInclude>
    <ClInclude Include="src\TMUtil\cstringutil.h">
      <Filter>头文件</Filter>
    </ClInclude>
    <ClInclude Include="src\TMUtil\OMapGlobal.h">
      <Filter>头文件</Filter>
    </ClInclude>
    <ClInclude Include="src\TMUtil\OMGeoUtil.h">
      <Filter>头文件</Filter>
    </ClInclude>
    <ClInclude Include="src\TMUtil\tmtools.h">
      <Filter>头文件</Filter>
    </ClInclude>
    <ClInclude Include="include\mapDrv.h">
      <Filter>头文件</Filter>
    </ClInclude>
    <ClInclude Include="include\airlineDraw.h">
      <Filter>头文件</Filter>
    </ClInclude>
    <ClInclude Include="src\TMap\BatchRenderer.h">
      <Filter>头文件</Filter>
    </ClInclude>
    <ClInclude Include="src\TMap\QuadTree.h">
      <Filter>头文件</Filter>
    </ClInclude>
  </ItemGroup>
  <ItemGroup>
    <ClCompile Include="src\Camera.cpp">
      <Filter>源文件</Filter>
    </ClCompile>
    <ClCompile Include="src\CameraRove.cpp">
      <Filter>源文件</Filter>
    </ClCompile>
    <ClCompile Include="src\GLFrame.cpp">
      <Filter>源文件</Filter>
    </ClCompile>
    <ClCompile Include="src\GLWindow.cpp">
      <Filter>源文件</Filter>
    </ClCompile>
    <ClCompile Include="src\stdafx.cpp">
      <Filter>源文件</Filter>
    </ClCompile>
    <ClCompile Include="src\Vector.cpp">
      <Filter>源文件</Filter>
    </ClCompile>
    <ClCompile Include="src\OpenGLEngine\glstateengine.cpp">
      <Filter>源文件</Filter>
    </ClCompile>
    <ClCompile Include="src\OpenGLEngine\InputCharsets1.cpp">
      <Filter>源文件</Filter>
    </ClCompile>
    <ClCompile Include="src\OpenGLEngine\InputVString1.cpp">
      <Filter>源文件</Filter>
    </ClCompile>
    <ClCompile Include="src\OpenGLEngine\openglcoordinatesengine.cpp">
      <Filter>源文件</Filter>
    </ClCompile>
    <ClCompile Include="src\OpenGLEngine\openglfileengine.cpp">
      <Filter>源文件</Filter>
    </ClCompile>
    <ClCompile Include="src\OpenGLEngine\openglrenderengine.cpp">
      <Filter>源文件</Filter>
    </ClCompile>
    <ClCompile Include="src\TMap\CGeoLayer.cpp">
      <Filter>源文件</Filter>
    </ClCompile>
    <ClCompile Include="src\TMap\CPolygon.cpp">
      <Filter>源文件</Filter>
    </ClCompile>
    <ClCompile Include="src\TMap\CPolygonTile.cpp">
      <Filter>源文件</Filter>
    </ClCompile>
    <ClCompile Include="src\TMap\crastertilelayer.cpp">
      <Filter>源文件</Filter>
    </ClCompile>
    <ClCompile Include="src\TMap\CTile.cpp">
      <Filter>源文件</Filter>
    </ClCompile>
    <ClCompile Include="src\TMap\CTileLayer.cpp">
      <Filter>源文件</Filter>
    </ClCompile>
    <ClCompile Include="src\TMap\CVectorTileLayer.cpp">
      <Filter>源文件</Filter>
    </ClCompile>
    <ClCompile Include="src\TMap\JSONLayer.cpp">
      <Filter>源文件</Filter>
    </ClCompile>
    <ClCompile Include="src\TMap\OMap.cpp">
      <Filter>源文件</Filter>
    </ClCompile>
    <ClCompile Include="src\TMDataBuffer\buffermanager.cpp">
      <Filter>源文件</Filter>
    </ClCompile>
    <ClCompile Include="src\TMDataBuffer\ccache.cpp">
      <Filter>源文件</Filter>
    </ClCompile>
    <ClCompile Include="src\TMDataBuffer\LRUCache.cpp">
      <Filter>源文件</Filter>
    </ClCompile>
    <ClCompile Include="src\TMDataBuffer\tmbuffer.cpp">
      <Filter>源文件</Filter>
    </ClCompile>
    <ClCompile Include="src\TMDataUnit\dataunit.cpp">
      <Filter>源文件</Filter>
    </ClCompile>
    <ClCompile Include="src\TMDataUnit\heights.cpp">
      <Filter>源文件</Filter>
    </ClCompile>
    <ClCompile Include="src\TMDataUnit\image.cpp">
      <Filter>源文件</Filter>
    </ClCompile>
    <ClCompile Include="src\TMDataUnit\index.cpp">
      <Filter>源文件</Filter>
    </ClCompile>
    <ClCompile Include="src\TMDataUnit\stop.cpp">
      <Filter>源文件</Filter>
    </ClCompile>
    <ClCompile Include="src\TMDataUnit\text.cpp">
      <Filter>源文件</Filter>
    </ClCompile>
    <ClCompile Include="src\TMDataUnit\vertices.cpp">
      <Filter>源文件</Filter>
    </ClCompile>
    <ClCompile Include="src\TMScheduler\ccamera.cpp">
      <Filter>源文件</Filter>
    </ClCompile>
    <ClCompile Include="src\TMScheduler\cperspective.cpp">
      <Filter>源文件</Filter>
    </ClCompile>
    <ClCompile Include="src\TMScheduler\cscheduler.cpp">
      <Filter>源文件</Filter>
    </ClCompile>
    <ClCompile Include="src\TMScheduler\OM3DScheduler.cpp">
      <Filter>源文件</Filter>
    </ClCompile>
    <ClCompile Include="src\TMScheduler\OMScheduler.cpp">
      <Filter>源文件</Filter>
    </ClCompile>
    <ClCompile Include="src\TMStyle\ccolor.cpp">
      <Filter>源文件</Filter>
    </ClCompile>
    <ClCompile Include="src\TMStyle\cfill.cpp">
      <Filter>源文件</Filter>
    </ClCompile>
    <ClCompile Include="src\TMStyle\CStringUtil.cpp">
      <Filter>源文件</Filter>
    </ClCompile>
    <ClCompile Include="src\TMStyle\cstroke.cpp">
      <Filter>源文件</Filter>
    </ClCompile>
    <ClCompile Include="src\TMStyle\cstyle.cpp">
      <Filter>源文件</Filter>
    </ClCompile>
    <ClCompile Include="src\TMStyle\csymbol.cpp">
      <Filter>源文件</Filter>
    </ClCompile>
    <ClCompile Include="src\TMStyle\ctext.cpp">
      <Filter>源文件</Filter>
    </ClCompile>
    <ClCompile Include="src\TMStyle\ctextfont.cpp">
      <Filter>源文件</Filter>
    </ClCompile>
    <ClCompile Include="src\TMTextRender\cchar.cpp">
      <Filter>源文件</Filter>
    </ClCompile>
    <ClCompile Include="src\TMTextRender\ccharbuffer.cpp">
      <Filter>源文件</Filter>
    </ClCompile>
    <ClCompile Include="src\TMTextRender\cfont.cpp">
      <Filter>源文件</Filter>
    </ClCompile>
    <ClCompile Include="src\TMTextRender\cfontmanager.cpp">
      <Filter>源文件</Filter>
    </ClCompile>
    <ClCompile Include="src\TMTextRender\cfontrender.cpp">
      <Filter>源文件</Filter>
    </ClCompile>
    <ClCompile Include="src\TMTextRender\cglobal.cpp">
      <Filter>源文件</Filter>
    </ClCompile>
    <ClCompile Include="src\TMTextRender\cpage.cpp">
      <Filter>源文件</Filter>
    </ClCompile>
    <ClCompile Include="src\TMTextRender\CStringUtil.cpp">
      <Filter>源文件</Filter>
    </ClCompile>
    <ClCompile Include="src\TMUtil\cgeoutil.cpp">
      <Filter>源文件</Filter>
    </ClCompile>
    <ClCompile Include="src\TMUtil\cstringutil.cpp">
      <Filter>源文件</Filter>
    </ClCompile>
    <ClCompile Include="src\TMUtil\OMapGlobal.cpp">
      <Filter>源文件</Filter>
    </ClCompile>
    <ClCompile Include="src\TMUtil\OMGeoUtil.cpp">
      <Filter>源文件</Filter>
    </ClCompile>
    <ClCompile Include="src\jsoncpp.cpp">
      <Filter>源文件</Filter>
    </ClCompile>
    <ClCompile Include="src\mapDrv.cpp">
      <Filter>源文件</Filter>
    </ClCompile>
    <ClCompile Include="src\airlineDraw.cpp">
      <Filter>源文件</Filter>
    </ClCompile>
  </ItemGroup>
</Project>